
Microsoft Visual Studio Solution File, Format Version 12.00
# Visual Studio Version 16
VisualStudioVersion = 16.0.37627.13
MinimumVisualStudioVersion = 10.0.40219.1
Project("{2150E333-8FDC-42A3-9474-1A3956D46DE8}") = "Task0", "Task0", "{A75430FF-2499-479C-BF01-BB9403638E8B}"
EndProject
Project("{FAE04EC0-301F-11D3-BF4B-00C04F79EFBC}") = "Tyuiu.GuschinIS.Sprint0.Task0.V0", "Tyuiu.GuschinIS.Sprint0.Task0.V0\Tyuiu.GuschinIS.Sprint0.Task0.V0.csproj", "{922614E3-1608-4A66-BE5E-CEB460AA1E71}"
EndProject
Project("{2150E333-8FDC-42A3-9474-1A3956D46DE8}") = "Task1", "Task1", "{87F3CD63-EB96-4DAB-B151-DB90761521E7}"
EndProject
Project("{FAE04EC0-301F-11D3-BF4B-00C04F79EFBC}") = "Tyuiu.GuschinIS.Sprint0.Task1.V0", "Tyuiu.GuschinIS.Sprint0.Task1.V0\Tyuiu.GuschinIS.Sprint0.Task1.V0.csproj", "{0C7F0E4D-70F7-4D84-811F-83EC261576B3}"
EndProject
Project("{2150E333-8FDC-42A3-9474-1A3956D46DE8}") = "Task2", "Task2", "{4BB112A6-C86E-44E2-A06F-EA6A056C0027}"
EndProject
Project("{FAE04EC0-301F-11D3-BF4B-00C04F79EFBC}") = "Tyuiu.GuschinIS.Sprint0.Task2.V0", "Tyuiu.GuschinIS.Sprint0.Task2.V0\Tyuiu.GuschinIS.Sprint0.Task2.V0.csproj", "{0FA15B43-882F-41E2-B5D6-5325BE6E7690}"
EndProject
Project("{FAE04EC0-301F-11D3-BF4B-00C04F79EFBC}") = "Tyuiu.GuschinIS.Sprint0.Task0.V0.Lib", "Tyuiu.GuschinIS.Sprint0.Task0.V0.Lib\Tyuiu.GuschinIS.Sprint0.Task0.V0.Lib.csproj", "{C24F5B4C-CF7E-4A2D-917D-8EF97FC71046}"
EndProject
Project("{FAE04EC0-301F-11D3-BF4B-00C04F79EFBC}") = "Tyuiu.GuschinIS.Sprint0.Task2.V0.Test", "Tyuiu.GuschinIS.Sprint0.Task2.V0.Test\Tyuiu.GuschinIS.Sprint0.Task2.V0.Test.csproj", "{50DC9305-6DE2-449E-A710-AFD2666314C0}"
EndProject
Project("{2150E333-8FDC-42A3-9474-1A3956D46DE8}") = "Task3", "Task3", "{D52F1D3D-BE76-4AB6-A878-4D8C2CF50826}"
EndProject
Project("{FAE04EC0-301F-11D3-BF4B-00C04F79EFBC}") = "Tyuiu.GuschinIS.Sprint0.Task3.V0", "Tyuiu.GuschinIS.Sprint0.Task3.V0\Tyuiu.GuschinIS.Sprint0.Task3.V0.csproj", "{37321549-9823-467C-AB99-763DF11B362B}"
EndProject
Project("{FAE04EC0-301F-11D3-BF4B-00C04F79EFBC}") = "Tyuiu.GuschinIS.Sprint0.Task3.V0.Lib", "Tyuiu.GuschinIS.Sprint0.Task3.V0.Lib\Tyuiu.GuschinIS.Sprint0.Task3.V0.Lib.csproj", "{E23D0B04-1EAB-4F2E-BF9E-343FD9A6EADE}"
EndProject
Project("{FAE04EC0-301F-11D3-BF4B-00C04F79EFBC}") = "Tyuiu.GuschinIS.Sprint0.Task3.V0.Test", "Tyuiu.GuschinIS.Sprint0.Task3.V0.Test\Tyuiu.GuschinIS.Sprint0.Task3.V0.Test.csproj", "{1BBA8EC1-B71C-4329-856F-46C7988B6AA3}"
EndProject
Project("{2150E333-8FDC-42A3-9474-1A3956D46DE8}") = "Task4", "Task4", "{B5B343A8-A019-4AE1-BF63-833E1309C9D7}"
EndProject
Project("{FAE04EC0-301F-11D3-BF4B-00C04F79EFBC}") = "Tyuiu.GuschinIS.Sprint0.Task4.V4", "Tyuiu.GuschinIS.Sprint0.Task4.V4\Tyuiu.GuschinIS.Sprint0.Task4.V4.csproj", "{9DA1CC06-2B80-4C15-B525-700B34973A60}"
EndProject
Project("{FAE04EC0-301F-11D3-BF4B-00C04F79EFBC}") = "Tyuiu.GuschinIS.Sprint0.Task4.V5.Test", "Tyuiu.GuschinIS.Sprint0.Task4.V5.Test\Tyuiu.GuschinIS.Sprint0.Task4.V5.Test.csproj", "{9D4C8C1F-1053-49D2-8A2A-7370CF86BA08}"
EndProject
Project("{FAE04EC0-301F-11D3-BF4B-00C04F79EFBC}") = "Tyuiu.GuschinIS.Sprint0.Task4.V6.Lib", "Tyuiu.GuschinIS.Sprint0.Task4.V6.Lib\Tyuiu.GuschinIS.Sprint0.Task4.V6.Lib.csproj", "{5859584D-E5E9-4881-89A7-B51B53C39905}"
EndProject
Project("{2150E333-8FDC-42A3-9474-1A3956D46DE8}") = "Task5", "Task5", "{6B5BA6E0-A582-4DDC-8F70-F791A81EAEEF}"
EndProject
Project("{FAE04EC0-301F-11D3-BF4B-00C04F79EFBC}") = "Tyuiu.GuschinIS.Sprint0.Task5.V0", "Tyuiu.GuschinIS.Sprint0.Task5.V0\Tyuiu.GuschinIS.Sprint0.Task5.V0.csproj", "{BEC571C5-CECB-46ED-B2A1-BB4B22797508}"
EndProject
Project("{FAE04EC0-301F-11D3-BF4B-00C04F79EFBC}") = "Tyuiu.GuschinIS.Sprint0.Task5.V0.Lib", "Tyuiu.GuschinIS.Sprint0.Task5.V0.Lib\Tyuiu.GuschinIS.Sprint0.Task5.V0.Lib.csproj", "{F7DC72B3-B134-4320-91AF-149B7EE74B7C}"
EndProject
Project("{FAE04EC0-301F-11D3-BF4B-00C04F79EFBC}") = "Tyuiu.GuschinIS.Sprint0.Task5.V0.Test", "Tyuiu.GuschinIS.Sprint0.Task5.V0.Test\Tyuiu.GuschinIS.Sprint0.Task5.V0.Test.csproj", "{7F3F09BE-FEB1-4CEF-B41C-3D5D8DF863BE}"
EndProject
Project("{2150E333-8FDC-42A3-9474-1A3956D46DE8}") = "Task6", "Task6", "{87759A57-0DD7-4850-BE4E-1E1BA9C99BE3}"
EndProject
Project("{FAE04EC0-301F-11D3-BF4B-00C04F79EFBC}") = "Tyuiu.Guschin.Sprint0.Task6.V2", "Tyuiu.Guschin.Sprint0.Task6.V2\Tyuiu.Guschin.Sprint0.Task6.V2.csproj", "{43049115-8C74-48E6-95A8-CFEB033C71FD}"
EndProject
Project("{FAE04EC0-301F-11D3-BF4B-00C04F79EFBC}") = "Tyuiu.Guschin.Sprint0.Task6.V2.Lib", "Tyuiu.Guschin.Sprint0.Task6.V2.Lib\Tyuiu.Guschin.Sprint0.Task6.V2.Lib.csproj", "{CC1BCB49-9B7C-49CF-A814-14B0CA0C5C3F}"
EndProject
Project("{FAE04EC0-301F-11D3-BF4B-00C04F79EFBC}") = "Tyuiu.Guschin.Sprint0.Task6.V2.Test", "Tyuiu.Guschin.Sprint0.Task6.V2.Test\Tyuiu.Guschin.Sprint0.Task6.V2.Test.csproj", "{15483A32-8812-4EC3-BE53-1AC4EFB514C4}"
EndProject
Global
	GlobalSection(SolutionConfigurationPlatforms) = preSolution
		Debug|Any CPU = Debug|Any CPU
		Release|Any CPU = Release|Any CPU
	EndGlobalSection
	GlobalSection(ProjectConfigurationPlatforms) = postSolution
		{922614E3-1608-4A66-BE5E-CEB460AA1E71}.Debug|Any CPU.ActiveCfg = Debug|Any CPU
		{922614E3-1608-4A66-BE5E-CEB460AA1E71}.Debug|Any CPU.Build.0 = Debug|Any CPU
		{922614E3-1608-4A66-BE5E-CEB460AA1E71}.Release|Any CPU.ActiveCfg = Release|Any CPU
		{922614E3-1608-4A66-BE5E-CEB460AA1E71}.Release|Any CPU.Build.0 = Release|Any CPU
		{0C7F0E4D-70F7-4D84-811F-83EC261576B3}.Debug|Any CPU.ActiveCfg = Debug|Any CPU
		{0C7F0E4D-70F7-4D84-811F-83EC261576B3}.Debug|Any CPU.Build.0 = Debug|Any CPU
		{0C7F0E4D-70F7-4D84-811F-83EC261576B3}.Release|Any CPU.ActiveCfg = Release|Any CPU
		{0C7F0E4D-70F7-4D84-811F-83EC261576B3}.Release|Any CPU.Build.0 = Release|Any CPU
		{0FA15B43-882F-41E2-B5D6-5325BE6E7690}.Debug|Any CPU.ActiveCfg = Debug|Any CPU
		{0FA15B43-882F-41E2-B5D6-5325BE6E7690}.Debug|Any CPU.Build.0 = Debug|Any CPU
		{0FA15B43-882F-41E2-B5D6-5325BE6E7690}.Release|Any CPU.ActiveCfg = Release|Any CPU
		{0FA15B43-882F-41E2-B5D6-5325BE6E7690}.Release|Any CPU.Build.0 = Release|Any CPU
		{C24F5B4C-CF7E-4A2D-917D-8EF97FC71046}.Debug|Any CPU.ActiveCfg = Debug|Any CPU
		{C24F5B4C-CF7E-4A2D-917D-8EF97FC71046}.Debug|Any CPU.Build.0 = Debug|Any CPU
		{C24F5B4C-CF7E-4A2D-917D-8EF97FC71046}.Release|Any CPU.ActiveCfg = Release|Any CPU
		{C24F5B4C-CF7E-4A2D-917D-8EF97FC71046}.Release|Any CPU.Build.0 = Release|Any CPU
		{50DC9305-6DE2-449E-A710-AFD2666314C0}.Debug|Any CPU.ActiveCfg = Debug|Any CPU
		{50DC9305-6DE2-449E-A710-AFD2666314C0}.Debug|Any CPU.Build.0 = Debug|Any CPU
		{50DC9305-6DE2-449E-A710-AFD2666314C0}.Release|Any CPU.ActiveCfg = Release|Any CPU
		{50DC9305-6DE2-449E-A710-AFD2666314C0}.Release|Any CPU.Build.0 = Release|Any CPU
		{37321549-9823-467C-AB99-763DF11B362B}.Debug|Any CPU.ActiveCfg = Debug|Any CPU
		{37321549-9823-467C-AB99-763DF11B362B}.Debug|Any CPU.Build.0 = Debug|Any CPU
		{37321549-9823-467C-AB99-763DF11B362B}.Release|Any CPU.ActiveCfg = Release|Any CPU
		{37321549-9823-467C-AB99-763DF11B362B}.Release|Any CPU.Build.0 = Release|Any CPU
		{E23D0B04-1EAB-4F2E-BF9E-343FD9A6EADE}.Debug|Any CPU.ActiveCfg = Debug|Any CPU
		{E23D0B04-1EAB-4F2E-BF9E-343FD9A6EADE}.Debug|Any CPU.Build.0 = Debug|Any CPU
		{E23D0B04-1EAB-4F2E-BF9E-343FD9A6EADE}.Release|Any CPU.ActiveCfg = Release|Any CPU
		{E23D0B04-1EAB-4F2E-BF9E-343FD9A6EADE}.Release|Any CPU.Build.0 = Release|Any CPU
		{1BBA8EC1-B71C-4329-856F-46C7988B6AA3}.Debug|Any CPU.ActiveCfg = Debug|Any CPU
		{1BBA8EC1-B71C-4329-856F-46C7988B6AA3}.Debug|Any CPU.Build.0 = Debug|Any CPU
		{1BBA8EC1-B71C-4329-856F-46C7988B6AA3}.Release|Any CPU.ActiveCfg = Release|Any CPU
		{1BBA8EC1-B71C-4329-856F-46C7988B6AA3}.Release|Any CPU.Build.0 = Release|Any CPU
		{9DA1CC06-2B80-4C15-B525-700B34973A60}.Debug|Any CPU.ActiveCfg = Debug|Any CPU
		{9DA1CC06-2B80-4C15-B525-700B34973A60}.Debug|Any CPU.Build.0 = Debug|Any CPU
		{9DA1CC06-2B80-4C15-B525-700B34973A60}.Release|Any CPU.ActiveCfg = Release|Any CPU
		{9DA1CC06-2B80-4C15-B525-700B34973A60}.Release|Any CPU.Build.0 = Release|Any CPU
		{9D4C8C1F-1053-49D2-8A2A-7370CF86BA08}.Debug|Any CPU.ActiveCfg = Debug|Any CPU
		{9D4C8C1F-1053-49D2-8A2A-7370CF86BA08}.Debug|Any CPU.Build.0 = Debug|Any CPU
		{9D4C8C1F-1053-49D2-8A2A-7370CF86BA08}.Release|Any CPU.ActiveCfg = Release|Any CPU
		{9D4C8C1F-1053-49D2-8A2A-7370CF86BA08}.Release|Any CPU.Build.0 = Release|Any CPU
		{5859584D-E5E9-4881-89A7-B51B53C39905}.Debug|Any CPU.ActiveCfg = Debug|Any CPU
		{5859584D-E5E9-4881-89A7-B51B53C39905}.Debug|Any CPU.Build.0 = Debug|Any CPU
		{5859584D-E5E9-4881-89A7-B51B53C39905}.Release|Any CPU.ActiveCfg = Release|Any CPU
		{5859584D-E5E9-4881-89A7-B51B53C39905}.Release|Any CPU.Build.0 = Release|Any CPU
		{BEC571C5-CECB-46ED-B2A1-BB4B22797508}.Debug|Any CPU.ActiveCfg = Debug|Any CPU
		{BEC571C5-CECB-46ED-B2A1-BB4B22797508}.Debug|Any CPU.Build.0 = Debug|Any CPU
		{BEC571C5-CECB-46ED-B2A1-BB4B22797508}.Release|Any CPU.ActiveCfg = Release|Any CPU
		{BEC571C5-CECB-46ED-B2A1-BB4B22797508}.Release|Any CPU.Build.0 = Release|Any CPU
		{F7DC72B3-B134-4320-91AF-149B7EE74B7C}.Debug|Any CPU.ActiveCfg = Debug|Any CPU
		{F7DC72B3-B134-4320-91AF-149B7EE74B7C}.Debug|Any CPU.Build.0 = Debug|Any CPU
		{F7DC72B3-B134-4320-91AF-149B7EE74B7C}.Release|Any CPU.ActiveCfg = Release|Any CPU
		{F7DC72B3-B134-4320-91AF-149B7EE74B7C}.Release|Any CPU.Build.0 = Release|Any CPU
		{7F3F09BE-FEB1-4CEF-B41C-3D5D8DF863BE}.Debug|Any CPU.ActiveCfg = Debug|Any CPU
		{7F3F09BE-FEB1-4CEF-B41C-3D5D8DF863BE}.Debug|Any CPU.Build.0 = Debug|Any CPU
		{7F3F09BE-FEB1-4CEF-B41C-3D5D8DF863BE}.Release|Any CPU.ActiveCfg = Release|Any CPU
		{7F3F09BE-FEB1-4CEF-B41C-3D5D8DF863BE}.Release|Any CPU.Build.0 = Release|Any CPU
		{43049115-8C74-48E6-95A8-CFEB033C71FD}.Debug|Any CPU.ActiveCfg = Debug|Any CPU
		{43049115-8C74-48E6-95A8-CFEB033C71FD}.Debug|Any CPU.Build.0 = Debug|Any CPU
		{43049115-8C74-48E6-95A8-CFEB033C71FD}.Release|Any CPU.ActiveCfg = Release|Any CPU
		{43049115-8C74-48E6-95A8-CFEB033C71FD}.Release|Any CPU.Build.0 = Release|Any CPU
		{CC1BCB49-9B7C-49CF-A814-14B0CA0C5C3F}.Debug|Any CPU.ActiveCfg = Debug|Any CPU
		{CC1BCB49-9B7C-49CF-A814-14B0CA0C5C3F}.Debug|Any CPU.Build.0 = Debug|Any CPU
		{CC1BCB49-9B7C-49CF-A814-14B0CA0C5C3F}.Release|Any CPU.ActiveCfg = Release|Any CPU
		{CC1BCB49-9B7C-49CF-A814-14B0CA0C5C3F}.Release|Any CPU.Build.0 = Release|Any CPU
		{15483A32-8812-4EC3-BE53-1AC4EFB514C4}.Debug|Any CPU.ActiveCfg = Debug|Any CPU
		{15483A32-8812-4EC3-BE53-1AC4EFB514C4}.Debug|Any CPU.Build.0 = Debug|Any CPU
		{15483A32-8812-4EC3-BE53-1AC4EFB514C4}.Release|Any CPU.ActiveCfg = Release|Any CPU
		{15483A32-8812-4EC3-BE53-1AC4EFB514C4}.Release|Any CPU.Build.0 = Release|Any CPU
	EndGlobalSection
	GlobalSection(SolutionProperties) = preSolution
		HideSolutionNode = FALSE
	EndGlobalSection
	GlobalSection(NestedProjects) = preSolution
		{922614E3-1608-4A66-BE5E-CEB460AA1E71} = {A75430FF-2499-479C-BF01-BB9403638E8B}
		{0C7F0E4D-70F7-4D84-811F-83EC261576B3} = {87F3CD63-EB96-4DAB-B151-DB90761521E7}
		{0FA15B43-882F-41E2-B5D6-5325BE6E7690} = {4BB112A6-C86E-44E2-A06F-EA6A056C0027}
		{C24F5B4C-CF7E-4A2D-917D-8EF97FC71046} = {4BB112A6-C86E-44E2-A06F-EA6A056C0027}
		{50DC9305-6DE2-449E-A710-AFD2666314C0} = {4BB112A6-C86E-44E2-A06F-EA6A056C0027}
		{37321549-9823-467C-AB99-763DF11B362B} = {D52F1D3D-BE76-4AB6-A878-4D8C2CF50826}
		{E23D0B04-1EAB-4F2E-BF9E-343FD9A6EADE} = {D52F1D3D-BE76-4AB6-A878-4D8C2CF50826}
		{1BBA8EC1-B71C-4329-856F-46C7988B6AA3} = {D52F1D3D-BE76-4AB6-A878-4D8C2CF50826}
		{9DA1CC06-2B80-4C15-B525-700B34973A60} = {B5B343A8-A019-4AE1-BF63-833E1309C9D7}
		{9D4C8C1F-1053-49D2-8A2A-7370CF86BA08} = {B5B343A8-A019-4AE1-BF63-833E1309C9D7}
		{5859584D-E5E9-4881-89A7-B51B53C39905} = {B5B343A8-A019-4AE1-BF63-833E1309C9D7}
		{BEC571C5-CECB-46ED-B2A1-BB4B22797508} = {6B5BA6E0-A582-4DDC-8F70-F791A81EAEEF}
		{F7DC72B3-B134-4320-91AF-149B7EE74B7C} = {6B5BA6E0-A582-4DDC-8F70-F791A81EAEEF}
		{7F3F09BE-FEB1-4CEF-B41C-3D5D8DF863BE} = {6B5BA6E0-A582-4DDC-8F70-F791A81EAEEF}
		{43049115-8C74-48E6-95A8-CFEB033C71FD} = {87759A57-0DD7-4850-BE4E-1E1BA9C99BE3}
		{CC1BCB49-9B7C-49CF-A814-14B0CA0C5C3F} = {87759A57-0DD7-4850-BE4E-1E1BA9C99BE3}
		{15483A32-8812-4EC3-BE53-1AC4EFB514C4} = {87759A57-0DD7-4850-BE4E-1E1BA9C99BE3}
	EndGlobalSection
	GlobalSection(ExtensibilityGlobals) = postSolution
		SolutionGuid = {811242A3-AF17-481B-8BEA-585C5C974E08}
	EndGlobalSection
EndGlobal
